// !$*UTF8*$!
{
	archiveVersion = 1;
	classes = {
	};
	objectVersion = 48;
	objects = {

/* Begin PBXBuildFile section */
		2E0D3A8596EB92F6B1564F78 /* Pods_LogoQuizTests.framework in Frameworks */ = {isa = PBXBuildFile; fileRef = 890C53136AF8D27EB1D0C58E /* Pods_LogoQuizTests.framework */; };
		3812DADE1F3C6E36009E9D79 /* applause3.wav in Resources */ = {isa = PBXBuildFile; fileRef = 3812DADD1F3C6E35009E9D79 /* applause3.wav */; };
		3812DAE11F3C72B4009E9D79 /* InterstitialManager.swift in Sources */ = {isa = PBXBuildFile; fileRef = 3812DAE01F3C72B4009E9D79 /* InterstitialManager.swift */; };
		381647BB1F3079820038926E /* LogoImageView.swift in Sources */ = {isa = PBXBuildFile; fileRef = 381647BA1F3079820038926E /* LogoImageView.swift */; };
		381647BD1F307C7F0038926E /* UIStackView.swift in Sources */ = {isa = PBXBuildFile; fileRef = 381647BC1F307C7F0038926E /* UIStackView.swift */; };
		381647BF1F30836F0038926E /* MiddleStackView.swift in Sources */ = {isa = PBXBuildFile; fileRef = 381647BE1F30836F0038926E /* MiddleStackView.swift */; };
		38265B1C1F2D2A6F009020FC /* Notifications.swift in Sources */ = {isa = PBXBuildFile; fileRef = 38265B1B1F2D2A6F009020FC /* Notifications.swift */; };
		38281D031F2A74B8009E41D7 /* SquareView.swift in Sources */ = {isa = PBXBuildFile; fileRef = 38281D021F2A74B8009E41D7 /* SquareView.swift */; };
		383307F31F33353E00EEFAC5 /* BlueNavBar.swift in Sources */ = {isa = PBXBuildFile; fileRef = 383307F21F33353E00EEFAC5 /* BlueNavBar.swift */; };
		383307F51F3336BA00EEFAC5 /* UIFont.swift in Sources */ = {isa = PBXBuildFile; fileRef = 383307F41F3336BA00EEFAC5 /* UIFont.swift */; };
		383307F71F33523700EEFAC5 /* CashManager.swift in Sources */ = {isa = PBXBuildFile; fileRef = 383307F61F33523700EEFAC5 /* CashManager.swift */; };
		383BB95D1F351628005F919E /* StoreKit.framework in Frameworks */ = {isa = PBXBuildFile; fileRef = 383BB95C1F351628005F919E /* StoreKit.framework */; };
		383BB95F1F3516C1005F919E /* IAPHelper.swift in Sources */ = {isa = PBXBuildFile; fileRef = 383BB95E1F3516C1005F919E /* IAPHelper.swift */; };
		383BB9611F351707005F919E /* CashProducts.swift in Sources */ = {isa = PBXBuildFile; fileRef = 383BB9601F351707005F919E /* CashProducts.swift */; };
		38478EE51F364A4600EB306E /* GoogleService-Info.plist in Resources */ = {isa = PBXBuildFile; fileRef = 38478EE41F364A4600EB306E /* GoogleService-Info.plist */; };
		3847A6281F3473EE002962E2 /* UIColor.swift in Sources */ = {isa = PBXBuildFile; fileRef = 3847A6271F3473EE002962E2 /* UIColor.swift */; };
		38548FCF1F332B310048DC5F /* CashLabel.swift in Sources */ = {isa = PBXBuildFile; fileRef = 38548FCE1F332B310048DC5F /* CashLabel.swift */; };
		3873EB1C1F2CDD2900AAC196 /* BrandManager.swift in Sources */ = {isa = PBXBuildFile; fileRef = 3873EB1B1F2CDD2900AAC196 /* BrandManager.swift */; };
		3873EB1E1F2CDE7000AAC196 /* app.json in Resources */ = {isa = PBXBuildFile; fileRef = 3873EB1D1F2CDE7000AAC196 /* app.json */; };
		3873EB201F2CE20200AAC196 /* Constants.swift in Sources */ = {isa = PBXBuildFile; fileRef = 3873EB1F1F2CE20200AAC196 /* Constants.swift */; };
		3873EB221F2CE41100AAC196 /* BrandViewModel.swift in Sources */ = {isa = PBXBuildFile; fileRef = 3873EB211F2CE41100AAC196 /* BrandViewModel.swift */; };
		3873EB241F2CE86100AAC196 /* UserManager.swift in Sources */ = {isa = PBXBuildFile; fileRef = 3873EB231F2CE86100AAC196 /* UserManager.swift */; };
		387917D21F32046D003FD82E /* GameHintDelegate.swift in Sources */ = {isa = PBXBuildFile; fileRef = 387917D11F32046D003FD82E /* GameHintDelegate.swift */; };
		387917D41F322006003FD82E /* Logos.xcassets in Resources */ = {isa = PBXBuildFile; fileRef = 387917D31F322006003FD82E /* Logos.xcassets */; };
		3888FC9A1F3379E600DBCA41 /* CelebrationView.swift in Sources */ = {isa = PBXBuildFile; fileRef = 3888FC991F3379E600DBCA41 /* CelebrationView.swift */; };
		3888FC9C1F337A8700DBCA41 /* Celebration.xcassets in Resources */ = {isa = PBXBuildFile; fileRef = 3888FC9B1F337A8700DBCA41 /* Celebration.xcassets */; };
		388F42831F2CAEB700509033 /* RadialGradientLayer.swift in Sources */ = {isa = PBXBuildFile; fileRef = 388F42821F2CAEB700509033 /* RadialGradientLayer.swift */; };
		388F42871F2CAFD000509033 /* MasterViewController.swift in Sources */ = {isa = PBXBuildFile; fileRef = 388F42861F2CAFD000509033 /* MasterViewController.swift */; };
		388F42891F2CB2C400509033 /* YellowButton.swift in Sources */ = {isa = PBXBuildFile; fileRef = 388F42881F2CB2C400509033 /* YellowButton.swift */; };
		388F428B1F2CBB5B00509033 /* CircleNavView.swift in Sources */ = {isa = PBXBuildFile; fileRef = 388F428A1F2CBB5B00509033 /* CircleNavView.swift */; };
		388F428D1F2CBD4600509033 /* MainViewController.swift in Sources */ = {isa = PBXBuildFile; fileRef = 388F428C1F2CBD4600509033 /* MainViewController.swift */; };
		388F428F1F2CC37700509033 /* SettingsViewController.swift in Sources */ = {isa = PBXBuildFile; fileRef = 388F428E1F2CC37600509033 /* SettingsViewController.swift */; };
		388F42921F2CD45400509033 /* Brand.swift in Sources */ = {isa = PBXBuildFile; fileRef = 388F42911F2CD45400509033 /* Brand.swift */; };
		38920D3D1F2A8E2B00824E5F /* Array.swift in Sources */ = {isa = PBXBuildFile; fileRef = 38920D3C1F2A8E2B00824E5F /* Array.swift */; };
		38921F7A1F2A17D6003A8F3A /* AppDelegate.swift in Sources */ = {isa = PBXBuildFile; fileRef = 38921F791F2A17D6003A8F3A /* AppDelegate.swift */; };
		38921F7F1F2A17D6003A8F3A /* Main.storyboard in Resources */ = {isa = PBXBuildFile; fileRef = 38921F7D1F2A17D6003A8F3A /* Main.storyboard */; };
		38921F811F2A17D6003A8F3A /* Assets.xcassets in Resources */ = {isa = PBXBuildFile; fileRef = 38921F801F2A17D6003A8F3A /* Assets.xcassets */; };
		38921F841F2A17D6003A8F3A /* LaunchScreen.storyboard in Resources */ = {isa = PBXBuildFile; fileRef = 38921F821F2A17D6003A8F3A /* LaunchScreen.storyboard */; };
		38921F8F1F2A17D6003A8F3A /* LogoQuizTests.swift in Sources */ = {isa = PBXBuildFile; fileRef = 38921F8E1F2A17D6003A8F3A /* LogoQuizTests.swift */; };
		38921F9A1F2A17D6003A8F3A /* LogoQuizUITests.swift in Sources */ = {isa = PBXBuildFile; fileRef = 38921F991F2A17D6003A8F3A /* LogoQuizUITests.swift */; };
		38921FAA1F2A1801003A8F3A /* PlayScene.storyboard in Resources */ = {isa = PBXBuildFile; fileRef = 38921FA91F2A1801003A8F3A /* PlayScene.storyboard */; };
		38921FAD1F2A1B84003A8F3A /* Eurostile.ttf in Resources */ = {isa = PBXBuildFile; fileRef = 38921FAC1F2A1B83003A8F3A /* Eurostile.ttf */; };
		38921FB01F2A2F52003A8F3A /* PlaySceneViewController.swift in Sources */ = {isa = PBXBuildFile; fileRef = 38921FAF1F2A2F52003A8F3A /* PlaySceneViewController.swift */; };
		3895B9D21F3A00A700519DE2 /* LevelsCollectionViewController.swift in Sources */ = {isa = PBXBuildFile; fileRef = 3895B9D11F3A00A700519DE2 /* LevelsCollectionViewController.swift */; };
		3895B9D41F3A015300519DE2 /* LevelCell.swift in Sources */ = {isa = PBXBuildFile; fileRef = 3895B9D31F3A015300519DE2 /* LevelCell.swift */; };
		3895B9D61F3A0AAC00519DE2 /* GameState.swift in Sources */ = {isa = PBXBuildFile; fileRef = 3895B9D51F3A0AAC00519DE2 /* GameState.swift */; };
		3895B9D81F3A0B3900519DE2 /* GameStateManager.swift in Sources */ = {isa = PBXBuildFile; fileRef = 3895B9D71F3A0B3900519DE2 /* GameStateManager.swift */; };
		3895B9DA1F3A1A1600519DE2 /* Serializable.swift in Sources */ = {isa = PBXBuildFile; fileRef = 3895B9D91F3A1A1600519DE2 /* Serializable.swift */; };
		38B212951F2F735F001F3C10 /* UIView.swift in Sources */ = {isa = PBXBuildFile; fileRef = 38B212941F2F735F001F3C10 /* UIView.swift */; };
		38B23C551F35BE7800010C9B /* ProductsViewController.swift in Sources */ = {isa = PBXBuildFile; fileRef = 38B23C531F35BE7800010C9B /* ProductsViewController.swift */; };
		38B23C581F35C0E000010C9B /* Products.storyboard in Resources */ = {isa = PBXBuildFile; fileRef = 38B23C571F35C0E000010C9B /* Products.storyboard */; };
		38B23C5A1F35EB2500010C9B /* ProductCell.swift in Sources */ = {isa = PBXBuildFile; fileRef = 38B23C591F35EB2500010C9B /* ProductCell.swift */; };
		38B23C5C1F35F28900010C9B /* SKProduct.swift in Sources */ = {isa = PBXBuildFile; fileRef = 38B23C5B1F35F28900010C9B /* SKProduct.swift */; };
		38E18C611F38B071000D8DA4 /* RewardAdManager.swift in Sources */ = {isa = PBXBuildFile; fileRef = 38E18C601F38B071000D8DA4 /* RewardAdManager.swift */; };
		38E1CD261F3099CC00950F9B /* BottomStackView.swift in Sources */ = {isa = PBXBuildFile; fileRef = 38E1CD251F3099CC00950F9B /* BottomStackView.swift */; };
		5E3480304804A33145FC942A /* Pods_LogoQuizUITests.framework in Frameworks */ = {isa = PBXBuildFile; fileRef = A0E5253817C1B5DCB3750CB6 /* Pods_LogoQuizUITests.framework */; };
		8F2B40FB94D083593B54452A /* Pods_LogoQuiz.framework in Frameworks */ = {isa = PBXBuildFile; fileRef = 7B7098A565D7083051DD5D91 /* Pods_LogoQuiz.framework */; };
/* End PBXBuildFile section */

/* Begin PBXContainerItemProxy section */
		38921F8B1F2A17D6003A8F3A /* PBXContainerItemProxy */ = {
			isa = PBXContainerItemProxy;
			containerPortal = 38921F6E1F2A17D6003A8F3A /* Project object */;
			proxyType = 1;
			remoteGlobalIDString = 38921F751F2A17D6003A8F3A;
			remoteInfo = LogoQuiz;
		};
		38921F961F2A17D6003A8F3A /* PBXContainerItemProxy */ = {
			isa = PBXContainerItemProxy;
			containerPortal = 38921F6E1F2A17D6003A8F3A /* Project object */;
			proxyType = 1;
			remoteGlobalIDString = 38921F751F2A17D6003A8F3A;
			remoteInfo = LogoQuiz;
		};
/* End PBXContainerItemProxy section */

/* Begin PBXFileReference section */
		1BAD9D58E87DE919F5C64DC2 /* Pods-LogoQuizTests.debug.xcconfig */ = {isa = PBXFileReference; includeInIndex = 1; lastKnownFileType = text.xcconfig; name = "Pods-LogoQuizTests.debug.xcconfig"; path = "Pods/Target Support Files/Pods-LogoQuizTests/Pods-LogoQuizTests.debug.xcconfig"; sourceTree = "<group>"; };
		320065C6D98917D2FD006956 /* Pods-LogoQuizUITests.debug.xcconfig */ = {isa = PBXFileReference; includeInIndex = 1; lastKnownFileType = text.xcconfig; name = "Pods-LogoQuizUITests.debug.xcconfig"; path = "Pods/Target Support Files/Pods-LogoQuizUITests/Pods-LogoQuizUITests.debug.xcconfig"; sourceTree = "<group>"; };
		3812DADD1F3C6E35009E9D79 /* applause3.wav */ = {isa = PBXFileReference; lastKnownFileType = audio.wav; name = applause3.wav; path = ../../../Downloads/applause3.wav; sourceTree = "<group>"; };
		3812DAE01F3C72B4009E9D79 /* InterstitialManager.swift */ = {isa = PBXFileReference; lastKnownFileType = sourcecode.swift; path = InterstitialManager.swift; sourceTree = "<group>"; };
		381647BA1F3079820038926E /* LogoImageView.swift */ = {isa = PBXFileReference; lastKnownFileType = sourcecode.swift; path = LogoImageView.swift; sourceTree = "<group>"; };
		381647BC1F307C7F0038926E /* UIStackView.swift */ = {isa = PBXFileReference; lastKnownFileType = sourcecode.swift; path = UIStackView.swift; sourceTree = "<group>"; };
		381647BE1F30836F0038926E /* MiddleStackView.swift */ = {isa = PBXFileReference; lastKnownFileType = sourcecode.swift; path = MiddleStackView.swift; sourceTree = "<group>"; };
		38265B1B1F2D2A6F009020FC /* Notifications.swift */ = {isa = PBXFileReference; lastKnownFileType = sourcecode.swift; path = Notifications.swift; sourceTree = "<group>"; };
		38281D021F2A74B8009E41D7 /* SquareView.swift */ = {isa = PBXFileReference; lastKnownFileType = sourcecode.swift; path = SquareView.swift; sourceTree = "<group>"; };
		383307F21F33353E00EEFAC5 /* BlueNavBar.swift */ = {isa = PBXFileReference; lastKnownFileType = sourcecode.swift; path = BlueNavBar.swift; sourceTree = "<group>"; };
		383307F41F3336BA00EEFAC5 /* UIFont.swift */ = {isa = PBXFileReference; lastKnownFileType = sourcecode.swift; path = UIFont.swift; sourceTree = "<group>"; };
		383307F61F33523700EEFAC5 /* CashManager.swift */ = {isa = PBXFileReference; lastKnownFileType = sourcecode.swift; path = CashManager.swift; sourceTree = "<group>"; };
		383BB95C1F351628005F919E /* StoreKit.framework */ = {isa = PBXFileReference; lastKnownFileType = wrapper.framework; name = StoreKit.framework; path = System/Library/Frameworks/StoreKit.framework; sourceTree = SDKROOT; };
		383BB95E1F3516C1005F919E /* IAPHelper.swift */ = {isa = PBXFileReference; lastKnownFileType = sourcecode.swift; path = IAPHelper.swift; sourceTree = "<group>"; };
		383BB9601F351707005F919E /* CashProducts.swift */ = {isa = PBXFileReference; lastKnownFileType = sourcecode.swift; path = CashProducts.swift; sourceTree = "<group>"; };
		38478EE41F364A4600EB306E /* GoogleService-Info.plist */ = {isa = PBXFileReference; fileEncoding = 4; lastKnownFileType = text.plist.xml; path = "GoogleService-Info.plist"; sourceTree = "<group>"; };
		3847A6271F3473EE002962E2 /* UIColor.swift */ = {isa = PBXFileReference; lastKnownFileType = sourcecode.swift; path = UIColor.swift; sourceTree = "<group>"; };
		38548FCE1F332B310048DC5F /* CashLabel.swift */ = {isa = PBXFileReference; lastKnownFileType = sourcecode.swift; path = CashLabel.swift; sourceTree = "<group>"; };
		3873EB1B1F2CDD2900AAC196 /* BrandManager.swift */ = {isa = PBXFileReference; lastKnownFileType = sourcecode.swift; path = BrandManager.swift; sourceTree = "<group>"; };
		3873EB1D1F2CDE7000AAC196 /* app.json */ = {isa = PBXFileReference; fileEncoding = 4; lastKnownFileType = text.json; name = app.json; path = ../../../../Desktop/app.json; sourceTree = "<group>"; };
		3873EB1F1F2CE20200AAC196 /* Constants.swift */ = {isa = PBXFileReference; lastKnownFileType = sourcecode.swift; path = Constants.swift; sourceTree = "<group>"; };
		3873EB211F2CE41100AAC196 /* BrandViewModel.swift */ = {isa = PBXFileReference; lastKnownFileType = sourcecode.swift; path = BrandViewModel.swift; sourceTree = "<group>"; };
		3873EB231F2CE86100AAC196 /* UserManager.swift */ = {isa = PBXFileReference; lastKnownFileType = sourcecode.swift; path = UserManager.swift; sourceTree = "<group>"; };
		387917D11F32046D003FD82E /* GameHintDelegate.swift */ = {isa = PBXFileReference; lastKnownFileType = sourcecode.swift; path = GameHintDelegate.swift; sourceTree = "<group>"; };
		387917D31F322006003FD82E /* Logos.xcassets */ = {isa = PBXFileReference; lastKnownFileType = folder.assetcatalog; path = Logos.xcassets; sourceTree = "<group>"; };
		3888FC991F3379E600DBCA41 /* CelebrationView.swift */ = {isa = PBXFileReference; lastKnownFileType = sourcecode.swift; path = CelebrationView.swift; sourceTree = "<group>"; };
		3888FC9B1F337A8700DBCA41 /* Celebration.xcassets */ = {isa = PBXFileReference; lastKnownFileType = folder.assetcatalog; path = Celebration.xcassets; sourceTree = "<group>"; };
		388F42821F2CAEB700509033 /* RadialGradientLayer.swift */ = {isa = PBXFileReference; fileEncoding = 4; lastKnownFileType = sourcecode.swift; name = RadialGradientLayer.swift; path = ../../../../Desktop/HolidayTime/HolidayTime/RadialGradientLayer.swift; sourceTree = "<group>"; };
		388F42861F2CAFD000509033 /* MasterViewController.swift */ = {isa = PBXFileReference; lastKnownFileType = sourcecode.swift; path = MasterViewController.swift; sourceTree = "<group>"; };
		388F42881F2CB2C400509033 /* YellowButton.swift */ = {isa = PBXFileReference; lastKnownFileType = sourcecode.swift; path = YellowButton.swift; sourceTree = "<group>"; };
		388F428A1F2CBB5B00509033 /* CircleNavView.swift */ = {isa = PBXFileReference; lastKnownFileType = sourcecode.swift; path = CircleNavView.swift; sourceTree = "<group>"; };
		388F428C1F2CBD4600509033 /* MainViewController.swift */ = {isa = PBXFileReference; lastKnownFileType = sourcecode.swift; path = MainViewController.swift; sourceTree = "<group>"; };
		388F428E1F2CC37600509033 /* SettingsViewController.swift */ = {isa = PBXFileReference; lastKnownFileType = sourcecode.swift; path = SettingsViewController.swift; sourceTree = "<group>"; };
		388F42911F2CD45400509033 /* Brand.swift */ = {isa = PBXFileReference; lastKnownFileType = sourcecode.swift; path = Brand.swift; sourceTree = "<group>"; };
		38920D3C1F2A8E2B00824E5F /* Array.swift */ = {isa = PBXFileReference; lastKnownFileType = sourcecode.swift; path = Array.swift; sourceTree = "<group>"; };
		38921F761F2A17D6003A8F3A /* LogoQuiz.app */ = {isa = PBXFileReference; explicitFileType = wrapper.application; includeInIndex = 0; path = LogoQuiz.app; sourceTree = BUILT_PRODUCTS_DIR; };
		38921F791F2A17D6003A8F3A /* AppDelegate.swift */ = {isa = PBXFileReference; lastKnownFileType = sourcecode.swift; path = AppDelegate.swift; sourceTree = "<group>"; };
		38921F7E1F2A17D6003A8F3A /* Base */ = {isa = PBXFileReference; lastKnownFileType = file.storyboard; name = Base; path = Base.lproj/Main.storyboard; sourceTree = "<group>"; };
		38921F801F2A17D6003A8F3A /* Assets.xcassets */ = {isa = PBXFileReference; lastKnownFileType = folder.assetcatalog; path = Assets.xcassets; sourceTree = "<group>"; };
		38921F831F2A17D6003A8F3A /* Base */ = {isa = PBXFileReference; lastKnownFileType = file.storyboard; name = Base; path = Base.lproj/LaunchScreen.storyboard; sourceTree = "<group>"; };
		38921F851F2A17D6003A8F3A /* Info.plist */ = {isa = PBXFileReference; lastKnownFileType = text.plist.xml; path = Info.plist; sourceTree = "<group>"; };
		38921F8A1F2A17D6003A8F3A /* LogoQuizTests.xctest */ = {isa = PBXFileReference; explicitFileType = wrapper.cfbundle; includeInIndex = 0; path = LogoQuizTests.xctest; sourceTree = BUILT_PRODUCTS_DIR; };
		38921F8E1F2A17D6003A8F3A /* LogoQuizTests.swift */ = {isa = PBXFileReference; lastKnownFileType = sourcecode.swift; path = LogoQuizTests.swift; sourceTree = "<group>"; };
		38921F901F2A17D6003A8F3A /* Info.plist */ = {isa = PBXFileReference; lastKnownFileType = text.plist.xml; path = Info.plist; sourceTree = "<group>"; };
		38921F951F2A17D6003A8F3A /* LogoQuizUITests.xctest */ = {isa = PBXFileReference; explicitFileType = wrapper.cfbundle; includeInIndex = 0; path = LogoQuizUITests.xctest; sourceTree = BUILT_PRODUCTS_DIR; };
		38921F991F2A17D6003A8F3A /* LogoQuizUITests.swift */ = {isa = PBXFileReference; lastKnownFileType = sourcecode.swift; path = LogoQuizUITests.swift; sourceTree = "<group>"; };
		38921F9B1F2A17D6003A8F3A /* Info.plist */ = {isa = PBXFileReference; lastKnownFileType = text.plist.xml; path = Info.plist; sourceTree = "<group>"; };
		38921FA91F2A1801003A8F3A /* PlayScene.storyboard */ = {isa = PBXFileReference; lastKnownFileType = file.storyboard; path = PlayScene.storyboard; sourceTree = "<group>"; };
		38921FAC1F2A1B83003A8F3A /* Eurostile.ttf */ = {isa = PBXFileReference; lastKnownFileType = file; name = Eurostile.ttf; path = ../../../../Downloads/eurostile/Eurostile.ttf; sourceTree = "<group>"; };
		38921FAF1F2A2F52003A8F3A /* PlaySceneViewController.swift */ = {isa = PBXFileReference; lastKnownFileType = sourcecode.swift; path = PlaySceneViewController.swift; sourceTree = "<group>"; };
		3895B9D11F3A00A700519DE2 /* LevelsCollectionViewController.swift */ = {isa = PBXFileReference; lastKnownFileType = sourcecode.swift; path = LevelsCollectionViewController.swift; sourceTree = "<group>"; };
		3895B9D31F3A015300519DE2 /* LevelCell.swift */ = {isa = PBXFileReference; lastKnownFileType = sourcecode.swift; path = LevelCell.swift; sourceTree = "<group>"; };
		3895B9D51F3A0AAC00519DE2 /* GameState.swift */ = {isa = PBXFileReference; lastKnownFileType = sourcecode.swift; path = GameState.swift; sourceTree = "<group>"; };
		3895B9D71F3A0B3900519DE2 /* GameStateManager.swift */ = {isa = PBXFileReference; lastKnownFileType = sourcecode.swift; path = GameStateManager.swift; sourceTree = "<group>"; };
		3895B9D91F3A1A1600519DE2 /* Serializable.swift */ = {isa = PBXFileReference; lastKnownFileType = sourcecode.swift; path = Serializable.swift; sourceTree = "<group>"; };
		38B212941F2F735F001F3C10 /* UIView.swift */ = {isa = PBXFileReference; lastKnownFileType = sourcecode.swift; path = UIView.swift; sourceTree = "<group>"; };
		38B23C531F35BE7800010C9B /* ProductsViewController.swift */ = {isa = PBXFileReference; lastKnownFileType = sourcecode.swift; path = ProductsViewController.swift; sourceTree = "<group>"; };
		38B23C571F35C0E000010C9B /* Products.storyboard */ = {isa = PBXFileReference; lastKnownFileType = file.storyboard; path = Products.storyboard; sourceTree = "<group>"; };
		38B23C591F35EB2500010C9B /* ProductCell.swift */ = {isa = PBXFileReference; lastKnownFileType = sourcecode.swift; path = ProductCell.swift; sourceTree = "<group>"; };
		38B23C5B1F35F28900010C9B /* SKProduct.swift */ = {isa = PBXFileReference; lastKnownFileType = sourcecode.swift; path = SKProduct.swift; sourceTree = "<group>"; };
		38E18C601F38B071000D8DA4 /* RewardAdManager.swift */ = {isa = PBXFileReference; lastKnownFileType = sourcecode.swift; path = RewardAdManager.swift; sourceTree = "<group>"; };
		38E1CD251F3099CC00950F9B /* BottomStackView.swift */ = {isa = PBXFileReference; lastKnownFileType = sourcecode.swift; path = BottomStackView.swift; sourceTree = "<group>"; };
		7B7098A565D7083051DD5D91 /* Pods_LogoQuiz.framework */ = {isa = PBXFileReference; explicitFileType = wrapper.framework; includeInIndex = 0; path = Pods_LogoQuiz.framework; sourceTree = BUILT_PRODUCTS_DIR; };
		890C53136AF8D27EB1D0C58E /* Pods_LogoQuizTests.framework */ = {isa = PBXFileReference; explicitFileType = wrapper.framework; includeInIndex = 0; path = Pods_LogoQuizTests.framework; sourceTree = BUILT_PRODUCTS_DIR; };
		A0E5253817C1B5DCB3750CB6 /* Pods_LogoQuizUITests.framework */ = {isa = PBXFileReference; explicitFileType = wrapper.framework; includeInIndex = 0; path = Pods_LogoQuizUITests.framework; sourceTree = BUILT_PRODUCTS_DIR; };
		BF662306E16D1EA6D06F5AAB /* Pods-LogoQuiz.debug.xcconfig */ = {isa = PBXFileReference; includeInIndex = 1; lastKnownFileType = text.xcconfig; name = "Pods-LogoQuiz.debug.xcconfig"; path = "Pods/Target Support Files/Pods-LogoQuiz/Pods-LogoQuiz.debug.xcconfig"; sourceTree = "<group>"; };
		CCFAFE20D2BD3CE6EE5D0A08 /* Pods-LogoQuiz.release.xcconfig */ = {isa = PBXFileReference; includeInIndex = 1; lastKnownFileType = text.xcconfig; name = "Pods-LogoQuiz.release.xcconfig"; path = "Pods/Target Support Files/Pods-LogoQuiz/Pods-LogoQuiz.release.xcconfig"; sourceTree = "<group>"; };
		F67BBFA3B120A4C950698D7C /* Pods-LogoQuizUITests.release.xcconfig */ = {isa = PBXFileReference; includeInIndex = 1; lastKnownFileType = text.xcconfig; name = "Pods-LogoQuizUITests.release.xcconfig"; path = "Pods/Target Support Files/Pods-LogoQuizUITests/Pods-LogoQuizUITests.release.xcconfig"; sourceTree = "<group>"; };
		FE5E6670CD7A513B5C3AEDC1 /* Pods-LogoQuizTests.release.xcconfig */ = {isa = PBXFileReference; includeInIndex = 1; lastKnownFileType = text.xcconfig; name = "Pods-LogoQuizTests.release.xcconfig"; path = "Pods/Target Support Files/Pods-LogoQuizTests/Pods-LogoQuizTests.release.xcconfig"; sourceTree = "<group>"; };
/* End PBXFileReference section */

/* Begin PBXFrameworksBuildPhase section */
		38921F731F2A17D6003A8F3A /* Frameworks */ = {
			isa = PBXFrameworksBuildPhase;
			buildActionMask = 2147483647;
			files = (
				8F2B40FB94D083593B54452A /* Pods_LogoQuiz.framework in Frameworks */,
				383BB95D1F351628005F919E /* StoreKit.framework in Frameworks */,
			);
			runOnlyForDeploymentPostprocessing = 0;
		};
		38921F871F2A17D6003A8F3A /* Frameworks */ = {
			isa = PBXFrameworksBuildPhase;
			buildActionMask = 2147483647;
			files = (
				2E0D3A8596EB92F6B1564F78 /* Pods_LogoQuizTests.framework in Frameworks */,
			);
			runOnlyForDeploymentPostprocessing = 0;
		};
		38921F921F2A17D6003A8F3A /* Frameworks */ = {
			isa = PBXFrameworksBuildPhase;
			buildActionMask = 2147483647;
			files = (
				5E3480304804A33145FC942A /* Pods_LogoQuizUITests.framework in Frameworks */,
			);
			runOnlyForDeploymentPostprocessing = 0;
		};
/* End PBXFrameworksBuildPhase section */

/* Begin PBXGroup section */
		3812DADF1F3C7293009E9D79 /* Managers */ = {
			isa = PBXGroup;
			children = (
				3873EB1B1F2CDD2900AAC196 /* BrandManager.swift */,
				3873EB231F2CE86100AAC196 /* UserManager.swift */,
				387917D11F32046D003FD82E /* GameHintDelegate.swift */,
				383307F61F33523700EEFAC5 /* CashManager.swift */,
				383BB95E1F3516C1005F919E /* IAPHelper.swift */,
				38E18C601F38B071000D8DA4 /* RewardAdManager.swift */,
				3895B9D71F3A0B3900519DE2 /* GameStateManager.swift */,
				3812DAE01F3C72B4009E9D79 /* InterstitialManager.swift */,
			);
			path = Managers;
			sourceTree = "<group>";
		};
		38281D011F2A7498009E41D7 /* Custom Views */ = {
			isa = PBXGroup;
			children = (
				38281D021F2A74B8009E41D7 /* SquareView.swift */,
				388F42881F2CB2C400509033 /* YellowButton.swift */,
				388F428A1F2CBB5B00509033 /* CircleNavView.swift */,
				381647BA1F3079820038926E /* LogoImageView.swift */,
				381647BE1F30836F0038926E /* MiddleStackView.swift */,
				38E1CD251F3099CC00950F9B /* BottomStackView.swift */,
				38548FCE1F332B310048DC5F /* CashLabel.swift */,
				383307F21F33353E00EEFAC5 /* BlueNavBar.swift */,
				3888FC991F3379E600DBCA41 /* CelebrationView.swift */,
				38B23C591F35EB2500010C9B /* ProductCell.swift */,
				3895B9D31F3A015300519DE2 /* LevelCell.swift */,
			);
			path = "Custom Views";
			sourceTree = "<group>";
		};
		388F42811F2CAEA500509033 /* Helpers */ = {
			isa = PBXGroup;
			children = (
				3812DADF1F3C7293009E9D79 /* Managers */,
				388F42821F2CAEB700509033 /* RadialGradientLayer.swift */,
				3873EB1F1F2CE20200AAC196 /* Constants.swift */,
				38265B1B1F2D2A6F009020FC /* Notifications.swift */,
				3895B9D91F3A1A1600519DE2 /* Serializable.swift */,
			);
			name = Helpers;
			path = "New Group";
			sourceTree = "<group>";
		};
		388F42901F2CD43800509033 /* Model */ = {
			isa = PBXGroup;
			children = (
				388F42911F2CD45400509033 /* Brand.swift */,
				3873EB211F2CE41100AAC196 /* BrandViewModel.swift */,
				383BB9601F351707005F919E /* CashProducts.swift */,
				3895B9D51F3A0AAC00519DE2 /* GameState.swift */,
			);
			path = Model;
			sourceTree = "<group>";
		};
		38920D3B1F2A8E1300824E5F /* Extensions */ = {
			isa = PBXGroup;
			children = (
				38920D3C1F2A8E2B00824E5F /* Array.swift */,
				38B212941F2F735F001F3C10 /* UIView.swift */,
				381647BC1F307C7F0038926E /* UIStackView.swift */,
				383307F41F3336BA00EEFAC5 /* UIFont.swift */,
				3847A6271F3473EE002962E2 /* UIColor.swift */,
				38B23C5B1F35F28900010C9B /* SKProduct.swift */,
			);
			name = Extensions;
			path = Extension;
			sourceTree = "<group>";
		};
		38921F6D1F2A17D6003A8F3A = {
			isa = PBXGroup;
			children = (
				38921F781F2A17D6003A8F3A /* LogoQuiz */,
				38921F8D1F2A17D6003A8F3A /* LogoQuizTests */,
				38921F981F2A17D6003A8F3A /* LogoQuizUITests */,
				38921F771F2A17D6003A8F3A /* Products */,
				97595D28801B53CD0671653E /* Pods */,
				85AFF869020DE6BBFD066C02 /* Frameworks */,
			);
			sourceTree = "<group>";
		};
		38921F771F2A17D6003A8F3A /* Products */ = {
			isa = PBXGroup;
			children = (
				38921F761F2A17D6003A8F3A /* LogoQuiz.app */,
				38921F8A1F2A17D6003A8F3A /* LogoQuizTests.xctest */,
				38921F951F2A17D6003A8F3A /* LogoQuizUITests.xctest */,
			);
			name = Products;
			sourceTree = "<group>";
		};
		38921F781F2A17D6003A8F3A /* LogoQuiz */ = {
			isa = PBXGroup;
			children = (
				388F42901F2CD43800509033 /* Model */,
				388F42811F2CAEA500509033 /* Helpers */,
				38920D3B1F2A8E1300824E5F /* Extensions */,
				38281D011F2A7498009E41D7 /* Custom Views */,
				38921FAE1F2A2F3E003A8F3A /* Controllers */,
				38921FAB1F2A1B72003A8F3A /* Resources */,
				38921FA71F2A17E4003A8F3A /* Storyboards */,
				38921F791F2A17D6003A8F3A /* AppDelegate.swift */,
				38921F801F2A17D6003A8F3A /* Assets.xcassets */,
				38921F821F2A17D6003A8F3A /* LaunchScreen.storyboard */,
				38478EE41F364A4600EB306E /* GoogleService-Info.plist */,
				38921F851F2A17D6003A8F3A /* Info.plist */,
				3812DADD1F3C6E35009E9D79 /* applause3.wav */,
			);
			path = LogoQuiz;
			sourceTree = "<group>";
		};
		38921F8D1F2A17D6003A8F3A /* LogoQuizTests */ = {
			isa = PBXGroup;
			children = (
				38921F8E1F2A17D6003A8F3A /* LogoQuizTests.swift */,
				38921F901F2A17D6003A8F3A /* Info.plist */,
			);
			path = LogoQuizTests;
			sourceTree = "<group>";
		};
		38921F981F2A17D6003A8F3A /* LogoQuizUITests */ = {
			isa = PBXGroup;
			children = (
				38921F991F2A17D6003A8F3A /* LogoQuizUITests.swift */,
				38921F9B1F2A17D6003A8F3A /* Info.plist */,
			);
			path = LogoQuizUITests;
			sourceTree = "<group>";
		};
		38921FA71F2A17E4003A8F3A /* Storyboards */ = {
			isa = PBXGroup;
			children = (
				38921F7D1F2A17D6003A8F3A /* Main.storyboard */,
				38921FA91F2A1801003A8F3A /* PlayScene.storyboard */,
				38B23C571F35C0E000010C9B /* Products.storyboard */,
			);
			path = Storyboards;
			sourceTree = "<group>";
		};
		38921FAB1F2A1B72003A8F3A /* Resources */ = {
			isa = PBXGroup;
			children = (
				3873EB1D1F2CDE7000AAC196 /* app.json */,
				38921FAC1F2A1B83003A8F3A /* Eurostile.ttf */,
				387917D31F322006003FD82E /* Logos.xcassets */,
				3888FC9B1F337A8700DBCA41 /* Celebration.xcassets */,
			);
			path = Resources;
			sourceTree = "<group>";
		};
		38921FAE1F2A2F3E003A8F3A /* Controllers */ = {
			isa = PBXGroup;
			children = (
				38921FAF1F2A2F52003A8F3A /* PlaySceneViewController.swift */,
				388F42861F2CAFD000509033 /* MasterViewController.swift */,
				388F428C1F2CBD4600509033 /* MainViewController.swift */,
				388F428E1F2CC37600509033 /* SettingsViewController.swift */,
				38B23C531F35BE7800010C9B /* ProductsViewController.swift */,
				3895B9D11F3A00A700519DE2 /* LevelsCollectionViewController.swift */,
			);
			path = Controllers;
			sourceTree = "<group>";
		};
		85AFF869020DE6BBFD066C02 /* Frameworks */ = {
			isa = PBXGroup;
			children = (
				383BB95C1F351628005F919E /* StoreKit.framework */,
				7B7098A565D7083051DD5D91 /* Pods_LogoQuiz.framework */,
				890C53136AF8D27EB1D0C58E /* Pods_LogoQuizTests.framework */,
				A0E5253817C1B5DCB3750CB6 /* Pods_LogoQuizUITests.framework */,
			);
			name = Frameworks;
			sourceTree = "<group>";
		};
		97595D28801B53CD0671653E /* Pods */ = {
			isa = PBXGroup;
			children = (
				BF662306E16D1EA6D06F5AAB /* Pods-LogoQuiz.debug.xcconfig */,
				CCFAFE20D2BD3CE6EE5D0A08 /* Pods-LogoQuiz.release.xcconfig */,
				1BAD9D58E87DE919F5C64DC2 /* Pods-LogoQuizTests.debug.xcconfig */,
				FE5E6670CD7A513B5C3AEDC1 /* Pods-LogoQuizTests.release.xcconfig */,
				320065C6D98917D2FD006956 /* Pods-LogoQuizUITests.debug.xcconfig */,
				F67BBFA3B120A4C950698D7C /* Pods-LogoQuizUITests.release.xcconfig */,
			);
			name = Pods;
			sourceTree = "<group>";
		};
/* End PBXGroup section */

/* Begin PBXNativeTarget section */
		38921F751F2A17D6003A8F3A /* LogoQuiz */ = {
			isa = PBXNativeTarget;
			buildConfigurationList = 38921F9E1F2A17D6003A8F3A /* Build configuration list for PBXNativeTarget "LogoQuiz" */;
			buildPhases = (
				1D8BE20BF1F9E289CB15A0F3 /* [CP] Check Pods Manifest.lock */,
				38921F721F2A17D6003A8F3A /* Sources */,
				38921F731F2A17D6003A8F3A /* Frameworks */,
				38921F741F2A17D6003A8F3A /* Resources */,
				DA363A186F88C71C1047E3F1 /* [CP] Embed Pods Frameworks */,
				33F8F29DB618C88487153694 /* [CP] Copy Pods Resources */,
			);
			buildRules = (
			);
			dependencies = (
			);
			name = LogoQuiz;
			productName = LogoQuiz;
			productReference = 38921F761F2A17D6003A8F3A /* LogoQuiz.app */;
			productType = "com.apple.product-type.application";
		};
		38921F891F2A17D6003A8F3A /* LogoQuizTests */ = {
			isa = PBXNativeTarget;
			buildConfigurationList = 38921FA11F2A17D6003A8F3A /* Build configuration list for PBXNativeTarget "LogoQuizTests" */;
			buildPhases = (
				B36C24E6A5E9BDABAC9706D9 /* [CP] Check Pods Manifest.lock */,
				38921F861F2A17D6003A8F3A /* Sources */,
				38921F871F2A17D6003A8F3A /* Frameworks */,
				38921F881F2A17D6003A8F3A /* Resources */,
				7D2539AC218FDA9EB4CBB565 /* [CP] Embed Pods Frameworks */,
				369F4364C3D48E9C3BE5456E /* [CP] Copy Pods Resources */,
			);
			buildRules = (
			);
			dependencies = (
				38921F8C1F2A17D6003A8F3A /* PBXTargetDependency */,
			);
			name = LogoQuizTests;
			productName = LogoQuizTests;
			productReference = 38921F8A1F2A17D6003A8F3A /* LogoQuizTests.xctest */;
			productType = "com.apple.product-type.bundle.unit-test";
		};
		38921F941F2A17D6003A8F3A /* LogoQuizUITests */ = {
			isa = PBXNativeTarget;
			buildConfigurationList = 38921FA41F2A17D6003A8F3A /* Build configuration list for PBXNativeTarget "LogoQuizUITests" */;
			buildPhases = (
				8274FDCFB83521712A6766F3 /* [CP] Check Pods Manifest.lock */,
				38921F911F2A17D6003A8F3A /* Sources */,
				38921F921F2A17D6003A8F3A /* Frameworks */,
				38921F931F2A17D6003A8F3A /* Resources */,
				50342A2D0478FBDC7B91B9A8 /* [CP] Embed Pods Frameworks */,
				E4D60EBB234235C6466AF05E /* [CP] Copy Pods Resources */,
			);
			buildRules = (
			);
			dependencies = (
				38921F971F2A17D6003A8F3A /* PBXTargetDependency */,
			);
			name = LogoQuizUITests;
			productName = LogoQuizUITests;
			productReference = 38921F951F2A17D6003A8F3A /* LogoQuizUITests.xctest */;
			productType = "com.apple.product-type.bundle.ui-testing";
		};
/* End PBXNativeTarget section */

/* Begin PBXProject section */
		38921F6E1F2A17D6003A8F3A /* Project object */ = {
			isa = PBXProject;
			attributes = {
				LastSwiftUpdateCheck = 0900;
				LastUpgradeCheck = 0900;
				ORGANIZATIONNAME = nunev;
				TargetAttributes = {
					38921F751F2A17D6003A8F3A = {
						CreatedOnToolsVersion = 9.0;
						ProvisioningStyle = Automatic;
						SystemCapabilities = {
							com.apple.InAppPurchase = {
								enabled = 1;
							};
						};
					};
					38921F891F2A17D6003A8F3A = {
						CreatedOnToolsVersion = 9.0;
						TestTargetID = 38921F751F2A17D6003A8F3A;
					};
					38921F941F2A17D6003A8F3A = {
						CreatedOnToolsVersion = 9.0;
						TestTargetID = 38921F751F2A17D6003A8F3A;
					};
				};
			};
			buildConfigurationList = 38921F711F2A17D6003A8F3A /* Build configuration list for PBXProject "LogoQuiz" */;
			compatibilityVersion = "Xcode 8.0";
			developmentRegion = en;
			hasScannedForEncodings = 0;
			knownRegions = (
				en,
				Base,
			);
			mainGroup = 38921F6D1F2A17D6003A8F3A;
			productRefGroup = 38921F771F2A17D6003A8F3A /* Products */;
			projectDirPath = "";
			projectRoot = "";
			targets = (
				38921F751F2A17D6003A8F3A /* LogoQuiz */,
				38921F891F2A17D6003A8F3A /* LogoQuizTests */,
				38921F941F2A17D6003A8F3A /* LogoQuizUITests */,
			);
		};
/* End PBXProject section */

/* Begin PBXResourcesBuildPhase section */
		38921F741F2A17D6003A8F3A /* Resources */ = {
			isa = PBXResourcesBuildPhase;
			buildActionMask = 2147483647;
			files = (
				38B23C581F35C0E000010C9B /* Products.storyboard in Resources */,
				3888FC9C1F337A8700DBCA41 /* Celebration.xcassets in Resources */,
				38921FAD1F2A1B84003A8F3A /* Eurostile.ttf in Resources */,
				3812DADE1F3C6E36009E9D79 /* applause3.wav in Resources */,
				38921F841F2A17D6003A8F3A /* LaunchScreen.storyboard in Resources */,
				38921F811F2A17D6003A8F3A /* Assets.xcassets in Resources */,
				38921F7F1F2A17D6003A8F3A /* Main.storyboard in Resources */,
				38921FAA1F2A1801003A8F3A /* PlayScene.storyboard in Resources */,
				387917D41F322006003FD82E /* Logos.xcassets in Resources */,
				38478EE51F364A4600EB306E /* GoogleService-Info.plist in Resources */,
				3873EB1E1F2CDE7000AAC196 /* app.json in Resources */,
			);
			runOnlyForDeploymentPostprocessing = 0;
		};
		38921F881F2A17D6003A8F3A /* Resources */ = {
			isa = PBXResourcesBuildPhase;
			buildActionMask = 2147483647;
			files = (
			);
			runOnlyForDeploymentPostprocessing = 0;
		};
		38921F931F2A17D6003A8F3A /* Resources */ = {
			isa = PBXResourcesBuildPhase;
			buildActionMask = 2147483647;
			files = (
			);
			runOnlyForDeploymentPostprocessing = 0;
		};
/* End PBXResourcesBuildPhase section */

/* Begin PBXShellScriptBuildPhase section */
		1D8BE20BF1F9E289CB15A0F3 /* [CP] Check Pods Manifest.lock */ = {
			isa = PBXShellScriptBuildPhase;
			buildActionMask = 2147483647;
			files = (
			);
			inputPaths = (
			);
			name = "[CP] Check Pods Manifest.lock";
			outputPaths = (
			);
			runOnlyForDeploymentPostprocessing = 0;
			shellPath = /bin/sh;
			shellScript = "diff \"${PODS_PODFILE_DIR_PATH}/Podfile.lock\" \"${PODS_ROOT}/Manifest.lock\" > /dev/null\nif [ $? != 0 ] ; then\n    # print error to STDERR\n    echo \"error: The sandbox is not in sync with the Podfile.lock. Run 'pod install' or update your CocoaPods installation.\" >&2\n    exit 1\nfi\n";
			showEnvVarsInLog = 0;
		};
		33F8F29DB618C88487153694 /* [CP] Copy Pods Resources */ = {
			isa = PBXShellScriptBuildPhase;
			buildActionMask = 2147483647;
			files = (
			);
			inputPaths = (
			);
			name = "[CP] Copy Pods Resources";
			outputPaths = (
			);
			runOnlyForDeploymentPostprocessing = 0;
			shellPath = /bin/sh;
			shellScript = "\"${SRCROOT}/Pods/Target Support Files/Pods-LogoQuiz/Pods-LogoQuiz-resources.sh\"\n";
			showEnvVarsInLog = 0;
		};
		369F4364C3D48E9C3BE5456E /* [CP] Copy Pods Resources */ = {
			isa = PBXShellScriptBuildPhase;
			buildActionMask = 2147483647;
			files = (
			);
			inputPaths = (
			);
			name = "[CP] Copy Pods Resources";
			outputPaths = (
			);
			runOnlyForDeploymentPostprocessing = 0;
			shellPath = /bin/sh;
			shellScript = "\"${SRCROOT}/Pods/Target Support Files/Pods-LogoQuizTests/Pods-LogoQuizTests-resources.sh\"\n";
			showEnvVarsInLog = 0;
		};
		50342A2D0478FBDC7B91B9A8 /* [CP] Embed Pods Frameworks */ = {
			isa = PBXShellScriptBuildPhase;
			buildActionMask = 2147483647;
			files = (
			);
			inputPaths = (
			);
			name = "[CP] Embed Pods Frameworks";
			outputPaths = (
			);
			runOnlyForDeploymentPostprocessing = 0;
			shellPath = /bin/sh;
			shellScript = "\"${SRCROOT}/Pods/Target Support Files/Pods-LogoQuizUITests/Pods-LogoQuizUITests-frameworks.sh\"\n";
			showEnvVarsInLog = 0;
		};
		7D2539AC218FDA9EB4CBB565 /* [CP] Embed Pods Frameworks */ = {
			isa = PBXShellScriptBuildPhase;
			buildActionMask = 2147483647;
			files = (
			);
			inputPaths = (
			);
			name = "[CP] Embed Pods Frameworks";
			outputPaths = (
			);
			runOnlyForDeploymentPostprocessing = 0;
			shellPath = /bin/sh;
			shellScript = "\"${SRCROOT}/Pods/Target Support Files/Pods-LogoQuizTests/Pods-LogoQuizTests-frameworks.sh\"\n";
			showEnvVarsInLog = 0;
		};
		8274FDCFB83521712A6766F3 /* [CP] Check Pods Manifest.lock */ = {
			isa = PBXShellScriptBuildPhase;
			buildActionMask = 2147483647;
			files = (
			);
			inputPaths = (
			);
			name = "[CP] Check Pods Manifest.lock";
			outputPaths = (
			);
			runOnlyForDeploymentPostprocessing = 0;
			shellPath = /bin/sh;
			shellScript = "diff \"${PODS_PODFILE_DIR_PATH}/Podfile.lock\" \"${PODS_ROOT}/Manifest.lock\" > /dev/null\nif [ $? != 0 ] ; then\n    # print error to STDERR\n    echo \"error: The sandbox is not in sync with the Podfile.lock. Run 'pod install' or update your CocoaPods installation.\" >&2\n    exit 1\nfi\n";
			showEnvVarsInLog = 0;
		};
		B36C24E6A5E9BDABAC9706D9 /* [CP] Check Pods Manifest.lock */ = {
			isa = PBXShellScriptBuildPhase;
			buildActionMask = 2147483647;
			files = (
			);
			inputPaths = (
			);
			name = "[CP] Check Pods Manifest.lock";
			outputPaths = (
			);
			runOnlyForDeploymentPostprocessing = 0;
			shellPath = /bin/sh;
			shellScript = "diff \"${PODS_PODFILE_DIR_PATH}/Podfile.lock\" \"${PODS_ROOT}/Manifest.lock\" > /dev/null\nif [ $? != 0 ] ; then\n    # print error to STDERR\n    echo \"error: The sandbox is not in sync with the Podfile.lock. Run 'pod install' or update your CocoaPods installation.\" >&2\n    exit 1\nfi\n";
			showEnvVarsInLog = 0;
		};
		DA363A186F88C71C1047E3F1 /* [CP] Embed Pods Frameworks */ = {
			isa = PBXShellScriptBuildPhase;
			buildActionMask = 2147483647;
			files = (
			);
			inputPaths = (
			);
			name = "[CP] Embed Pods Frameworks";
			outputPaths = (
			);
			runOnlyForDeploymentPostprocessing = 0;
			shellPath = /bin/sh;
			shellScript = "\"${SRCROOT}/Pods/Target Support Files/Pods-LogoQuiz/Pods-LogoQuiz-frameworks.sh\"\n";
			showEnvVarsInLog = 0;
		};
		E4D60EBB234235C6466AF05E /* [CP] Copy Pods Resources */ = {
			isa = PBXShellScriptBuildPhase;
			buildActionMask = 2147483647;
			files = (
			);
			inputPaths = (
			);
			name = "[CP] Copy Pods Resources";
			outputPaths = (
			);
			runOnlyForDeploymentPostprocessing = 0;
			shellPath = /bin/sh;
			shellScript = "\"${SRCROOT}/Pods/Target Support Files/Pods-LogoQuizUITests/Pods-LogoQuizUITests-resources.sh\"\n";
			showEnvVarsInLog = 0;
		};
/* End PBXShellScriptBuildPhase section */

/* Begin PBXSourcesBuildPhase section */
		38921F721F2A17D6003A8F3A /* Sources */ = {
			isa = PBXSourcesBuildPhase;
			buildActionMask = 2147483647;
			files = (
				38921FB01F2A2F52003A8F3A /* PlaySceneViewController.swift in Sources */,
				3847A6281F3473EE002962E2 /* UIColor.swift in Sources */,
				38920D3D1F2A8E2B00824E5F /* Array.swift in Sources */,
				3812DAE11F3C72B4009E9D79 /* InterstitialManager.swift in Sources */,
				388F42921F2CD45400509033 /* Brand.swift in Sources */,
				38548FCF1F332B310048DC5F /* CashLabel.swift in Sources */,
				387917D21F32046D003FD82E /* GameHintDelegate.swift in Sources */,
				383307F31F33353E00EEFAC5 /* BlueNavBar.swift in Sources */,
				3873EB241F2CE86100AAC196 /* UserManager.swift in Sources */,
				3873EB1C1F2CDD2900AAC196 /* BrandManager.swift in Sources */,
				3873EB221F2CE41100AAC196 /* BrandViewModel.swift in Sources */,
				381647BD1F307C7F0038926E /* UIStackView.swift in Sources */,
				3895B9D21F3A00A700519DE2 /* LevelsCollectionViewController.swift in Sources */,
				38E1CD261F3099CC00950F9B /* BottomStackView.swift in Sources */,
				3895B9D81F3A0B3900519DE2 /* GameStateManager.swift in Sources */,
				38921F7A1F2A17D6003A8F3A /* AppDelegate.swift in Sources */,
				38B23C5A1F35EB2500010C9B /* ProductCell.swift in Sources */,
				381647BF1F30836F0038926E /* MiddleStackView.swift in Sources */,
				3895B9D61F3A0AAC00519DE2 /* GameState.swift in Sources */,
				388F428F1F2CC37700509033 /* SettingsViewController.swift in Sources */,
				38265B1C1F2D2A6F009020FC /* Notifications.swift in Sources */,
				3895B9D41F3A015300519DE2 /* LevelCell.swift in Sources */,
				388F428B1F2CBB5B00509033 /* CircleNavView.swift in Sources */,
				3888FC9A1F3379E600DBCA41 /* CelebrationView.swift in Sources */,
				3873EB201F2CE20200AAC196 /* Constants.swift in Sources */,
				388F42831F2CAEB700509033 /* RadialGradientLayer.swift in Sources */,
				383307F71F33523700EEFAC5 /* CashManager.swift in Sources */,
				383307F51F3336BA00EEFAC5 /* UIFont.swift in Sources */,
				388F42891F2CB2C400509033 /* YellowButton.swift in Sources */,
				383BB95F1F3516C1005F919E /* IAPHelper.swift in Sources */,
				38B212951F2F735F001F3C10 /* UIView.swift in Sources */,
				388F428D1F2CBD4600509033 /* MainViewController.swift in Sources */,
				381647BB1F3079820038926E /* LogoImageView.swift in Sources */,
				388F42871F2CAFD000509033 /* MasterViewController.swift in Sources */,
				3895B9DA1F3A1A1600519DE2 /* Serializable.swift in Sources */,
				383BB9611F351707005F919E /* CashProducts.swift in Sources */,
				38281D031F2A74B8009E41D7 /* SquareView.swift in Sources */,
				38E18C611F38B071000D8DA4 /* RewardAdManager.swift in Sources */,
				38B23C5C1F35F28900010C9B /* SKProduct.swift in Sources */,
				38B23C551F35BE7800010C9B /* ProductsViewController.swift in Sources */,
			);
			runOnlyForDeploymentPostprocessing = 0;
		};
		38921F861F2A17D6003A8F3A /* Sources */ = {
			isa = PBXSourcesBuildPhase;
			buildActionMask = 2147483647;
			files = (
				38921F8F1F2A17D6003A8F3A /* LogoQuizTests.swift in Sources */,
			);
			runOnlyForDeploymentPostprocessing = 0;
		};
		38921F911F2A17D6003A8F3A /* Sources */ = {
			isa = PBXSourcesBuildPhase;
			buildActionMask = 2147483647;
			files = (
				38921F9A1F2A17D6003A8F3A /* LogoQuizUITests.swift in Sources */,
			);
			runOnlyForDeploymentPostprocessing = 0;
		};
/* End PBXSourcesBuildPhase section */

/* Begin PBXTargetDependency section */
		38921F8C1F2A17D6003A8F3A /* PBXTargetDependency */ = {
			isa = PBXTargetDependency;
			target = 38921F751F2A17D6003A8F3A /* LogoQuiz */;
			targetProxy = 38921F8B1F2A17D6003A8F3A /* PBXContainerItemProxy */;
		};
		38921F971F2A17D6003A8F3A /* PBXTargetDependency */ = {
			isa = PBXTargetDependency;
			target = 38921F751F2A17D6003A8F3A /* LogoQuiz */;
			targetProxy = 38921F961F2A17D6003A8F3A /* PBXContainerItemProxy */;
		};
/* End PBXTargetDependency section */

/* Begin PBXVariantGroup section */
		38921F7D1F2A17D6003A8F3A /* Main.storyboard */ = {
			isa = PBXVariantGroup;
			children = (
				38921F7E1F2A17D6003A8F3A /* Base */,
			);
			name = Main.storyboard;
			sourceTree = "<group>";
		};
		38921F821F2A17D6003A8F3A /* LaunchScreen.storyboard */ = {
			isa = PBXVariantGroup;
			children = (
				38921F831F2A17D6003A8F3A /* Base */,
			);
			name = LaunchScreen.storyboard;
			sourceTree = "<group>";
		};
/* End PBXVariantGroup section */

/* Begin XCBuildConfiguration section */
		38921F9C1F2A17D6003A8F3A /* Debug */ = {
			isa = XCBuildConfiguration;
			buildSettings = {
				ALWAYS_SEARCH_USER_PATHS = NO;
				CLANG_ANALYZER_NONNULL = YES;
				CLANG_ANALYZER_NUMBER_OBJECT_CONVERSION = YES_AGGRESSIVE;
				CLANG_CXX_LANGUAGE_STANDARD = "gnu++14";
				CLANG_CXX_LIBRARY = "libc++";
				CLANG_ENABLE_MODULES = YES;
				CLANG_ENABLE_OBJC_ARC = YES;
				CLANG_WARN_BLOCK_CAPTURE_AUTORELEASING = YES;
				CLANG_WARN_BOOL_CONVERSION = YES;
				CLANG_WARN_COMMA = YES;
				CLANG_WARN_CONSTANT_CONVERSION = YES;
				CLANG_WARN_DIRECT_OBJC_ISA_USAGE = YES_ERROR;
				CLANG_WARN_DOCUMENTATION_COMMENTS = YES;
				CLANG_WARN_EMPTY_BODY = YES;
				CLANG_WARN_ENUM_CONVERSION = YES;
				CLANG_WARN_INFINITE_RECURSION = YES;
				CLANG_WARN_INT_CONVERSION = YES;
				CLANG_WARN_NON_LITERAL_NULL_CONVERSION = YES;
				CLANG_WARN_OBJC_LITERAL_CONVERSION = YES;
				CLANG_WARN_OBJC_ROOT_CLASS = YES_ERROR;
				CLANG_WARN_RANGE_LOOP_ANALYSIS = YES;
				CLANG_WARN_STRICT_PROTOTYPES = YES;
				CLANG_WARN_SUSPICIOUS_MOVE = YES;
				CLANG_WARN_UNGUARDED_AVAILABILITY = YES_AGGRESSIVE;
				CLANG_WARN_UNREACHABLE_CODE = YES;
				CLANG_WARN__DUPLICATE_METHOD_MATCH = YES;
				CODE_SIGN_IDENTITY = "iPhone Developer";
				COPY_PHASE_STRIP = NO;
				DEBUG_INFORMATION_FORMAT = dwarf;
				ENABLE_STRICT_OBJC_MSGSEND = YES;
				ENABLE_TESTABILITY = YES;
				GCC_C_LANGUAGE_STANDARD = gnu11;
				GCC_DYNAMIC_NO_PIC = NO;
				GCC_NO_COMMON_BLOCKS = YES;
				GCC_OPTIMIZATION_LEVEL = 0;
				GCC_PREPROCESSOR_DEFINITIONS = (
					"DEBUG=1",
					"$(inherited)",
				);
				GCC_WARN_64_TO_32_BIT_CONVERSION = YES;
				GCC_WARN_ABOUT_RETURN_TYPE = YES_ERROR;
				GCC_WARN_UNDECLARED_SELECTOR = YES;
				GCC_WARN_UNINITIALIZED_AUTOS = YES_AGGRESSIVE;
				GCC_WARN_UNUSED_FUNCTION = YES;
				GCC_WARN_UNUSED_VARIABLE = YES;
				IPHONEOS_DEPLOYMENT_TARGET = 11.0;
				MTL_ENABLE_DEBUG_INFO = YES;
				ONLY_ACTIVE_ARCH = YES;
				SDKROOT = iphoneos;
				SWIFT_ACTIVE_COMPILATION_CONDITIONS = DEBUG;
				SWIFT_OPTIMIZATION_LEVEL = "-Onone";
			};
			name = Debug;
		};
		38921F9D1F2A17D6003A8F3A /* Release */ = {
			isa = XCBuildConfiguration;
			buildSettings = {
				ALWAYS_SEARCH_USER_PATHS = NO;
				CLANG_ANALYZER_NONNULL = YES;
				CLANG_ANALYZER_NUMBER_OBJECT_CONVERSION = YES_AGGRESSIVE;
				CLANG_CXX_LANGUAGE_STANDARD = "gnu++14";
				CLANG_CXX_LIBRARY = "libc++";
				CLANG_ENABLE_MODULES = YES;
				CLANG_ENABLE_OBJC_ARC = YES;
				CLANG_WARN_BLOCK_CAPTURE_AUTORELEASING = YES;
				CLANG_WARN_BOOL_CONVERSION = YES;
				CLANG_WARN_COMMA = YES;
				CLANG_WARN_CONSTANT_CONVERSION = YES;
				CLANG_WARN_DIRECT_OBJC_ISA_USAGE = YES_ERROR;
				CLANG_WARN_DOCUMENTATION_COMMENTS = YES;
				CLANG_WARN_EMPTY_BODY = YES;
				CLANG_WARN_ENUM_CONVERSION = YES;
				CLANG_WARN_INFINITE_RECURSION = YES;
				CLANG_WARN_INT_CONVERSION = YES;
				CLANG_WARN_NON_LITERAL_NULL_CONVERSION = YES;
				CLANG_WARN_OBJC_LITERAL_CONVERSION = YES;
				CLANG_WARN_OBJC_ROOT_CLASS = YES_ERROR;
				CLANG_WARN_RANGE_LOOP_ANALYSIS = YES;
				CLANG_WARN_STRICT_PROTOTYPES = YES;
				CLANG_WARN_SUSPICIOUS_MOVE = YES;
				CLANG_WARN_UNGUARDED_AVAILABILITY = YES_AGGRESSIVE;
				CLANG_WARN_UNREACHABLE_CODE = YES;
				CLANG_WARN__DUPLICATE_METHOD_MATCH = YES;
				CODE_SIGN_IDENTITY = "iPhone Developer";
				COPY_PHASE_STRIP = NO;
				DEBUG_INFORMATION_FORMAT = "dwarf-with-dsym";
				ENABLE_NS_ASSERTIONS = NO;
				ENABLE_STRICT_OBJC_MSGSEND = YES;
				GCC_C_LANGUAGE_STANDARD = gnu11;
				GCC_NO_COMMON_BLOCKS = YES;
				GCC_WARN_64_TO_32_BIT_CONVERSION = YES;
				GCC_WARN_ABOUT_RETURN_TYPE = YES_ERROR;
				GCC_WARN_UNDECLARED_SELECTOR = YES;
				GCC_WARN_UNINITIALIZED_AUTOS = YES_AGGRESSIVE;
				GCC_WARN_UNUSED_FUNCTION = YES;
				GCC_WARN_UNUSED_VARIABLE = YES;
				IPHONEOS_DEPLOYMENT_TARGET = 11.0;
				MTL_ENABLE_DEBUG_INFO = NO;
				SDKROOT = iphoneos;
				SWIFT_OPTIMIZATION_LEVEL = "-Owholemodule";
				VALIDATE_PRODUCT = YES;
			};
			name = Release;
		};
		38921F9F1F2A17D6003A8F3A /* Debug */ = {
			isa = XCBuildConfiguration;
			baseConfigurationReference = BF662306E16D1EA6D06F5AAB /* Pods-LogoQuiz.debug.xcconfig */;
			buildSettings = {
				ASSETCATALOG_COMPILER_APPICON_NAME = AppIcon;
				"CODE_SIGN_IDENTITY[sdk=iphoneos*]" = "iPhone Developer";
				CODE_SIGN_STYLE = Automatic;
				DEVELOPMENT_TEAM = TPWG8G6ELX;
				INFOPLIST_FILE = LogoQuiz/Info.plist;
				IPHONEOS_DEPLOYMENT_TARGET = 10.0;
				LD_RUNPATH_SEARCH_PATHS = "$(inherited) @executable_path/Frameworks";
				PRODUCT_BUNDLE_IDENTIFIER = com.nunev.LogoQuiz;
				PRODUCT_NAME = "$(TARGET_NAME)";
				PROVISIONING_PROFILE = "";
				PROVISIONING_PROFILE_SPECIFIER = "";
				SWIFT_VERSION = 4.0;
				TARGETED_DEVICE_FAMILY = "1,2";
			};
			name = Debug;
		};
		38921FA01F2A17D6003A8F3A /* Release */ = {
			isa = XCBuildConfiguration;
			baseConfigurationReference = CCFAFE20D2BD3CE6EE5D0A08 /* Pods-LogoQuiz.release.xcconfig */;
			buildSettings = {
				ASSETCATALOG_COMPILER_APPICON_NAME = AppIcon;
				"CODE_SIGN_IDENTITY[sdk=iphoneos*]" = "iPhone Developer";
				CODE_SIGN_STYLE = Automatic;
				DEVELOPMENT_TEAM = TPWG8G6ELX;
				INFOPLIST_FILE = LogoQuiz/Info.plist;
				IPHONEOS_DEPLOYMENT_TARGET = 10.0;
				LD_RUNPATH_SEARCH_PATHS = "$(inherited) @executable_path/Frameworks";
				PRODUCT_BUNDLE_IDENTIFIER = com.nunev.LogoQuiz;
				PRODUCT_NAME = "$(TARGET_NAME)";
				PROVISIONING_PROFILE = "";
				PROVISIONING_PROFILE_SPECIFIER = "";
				SWIFT_VERSION = 4.0;
				TARGETED_DEVICE_FAMILY = "1,2";
			};
			name = Release;
		};
		38921FA21F2A17D6003A8F3A /* Debug */ = {
			isa = XCBuildConfiguration;
			baseConfigurationReference = 1BAD9D58E87DE919F5C64DC2 /* Pods-LogoQuizTests.debug.xcconfig */;
			buildSettings = {
				ALWAYS_EMBED_SWIFT_STANDARD_LIBRARIES = YES;
				BUNDLE_LOADER = "$(TEST_HOST)";
				DEVELOPMENT_TEAM = TPWG8G6ELX;
				INFOPLIST_FILE = LogoQuizTests/Info.plist;
				LD_RUNPATH_SEARCH_PATHS = "$(inherited) @executable_path/Frameworks @loader_path/Frameworks";
				PRODUCT_BUNDLE_IDENTIFIER = com.nunev.LogoQuizTests;
				PRODUCT_NAME = "$(TARGET_NAME)";
				SWIFT_VERSION = 4.0;
				TARGETED_DEVICE_FAMILY = "1,2";
				TEST_HOST = "$(BUILT_PRODUCTS_DIR)/LogoQuiz.app/LogoQuiz";
			};
			name = Debug;
		};
		38921FA31F2A17D6003A8F3A /* Release */ = {
			isa = XCBuildConfiguration;
			baseConfigurationReference = FE5E6670CD7A513B5C3AEDC1 /* Pods-LogoQuizTests.release.xcconfig */;
			buildSettings = {
				ALWAYS_EMBED_SWIFT_STANDARD_LIBRARIES = YES;
				BUNDLE_LOADER = "$(TEST_HOST)";
				DEVELOPMENT_TEAM = TPWG8G6ELX;
				INFOPLIST_FILE = LogoQuizTests/Info.plist;
				LD_RUNPATH_SEARCH_PATHS = "$(inherited) @executable_path/Frameworks @loader_path/Frameworks";
				PRODUCT_BUNDLE_IDENTIFIER = com.nunev.LogoQuizTests;
				PRODUCT_NAME = "$(TARGET_NAME)";
				SWIFT_VERSION = 4.0;
				TARGETED_DEVICE_FAMILY = "1,2";
				TEST_HOST = "$(BUILT_PRODUCTS_DIR)/LogoQuiz.app/LogoQuiz";
			};
			name = Release;
		};
		38921FA51F2A17D6003A8F3A /* Debug */ = {
			isa = XCBuildConfiguration;
			baseConfigurationReference = 320065C6D98917D2FD006956 /* Pods-LogoQuizUITests.debug.xcconfig */;
			buildSettings = {
				ALWAYS_EMBED_SWIFT_STANDARD_LIBRARIES = YES;
				DEVELOPMENT_TEAM = TPWG8G6ELX;
				INFOPLIST_FILE = LogoQuizUITests/Info.plist;
				LD_RUNPATH_SEARCH_PATHS = "$(inherited) @executable_path/Frameworks @loader_path/Frameworks";
				PRODUCT_BUNDLE_IDENTIFIER = com.nunev.LogoQuizUITests;
				PRODUCT_NAME = "$(TARGET_NAME)";
				SWIFT_VERSION = 4.0;
				TARGETED_DEVICE_FAMILY = "1,2";
				TEST_TARGET_NAME = LogoQuiz;
			};
			name = Debug;
		};
		38921FA61F2A17D6003A8F3A /* Release */ = {
			isa = XCBuildConfiguration;
			baseConfigurationReference = F67BBFA3B120A4C950698D7C /* Pods-LogoQuizUITests.release.xcconfig */;
			buildSettings = {
				ALWAYS_EMBED_SWIFT_STANDARD_LIBRARIES = YES;
				DEVELOPMENT_TEAM = TPWG8G6ELX;
				INFOPLIST_FILE = LogoQuizUITests/Info.plist;
				LD_RUNPATH_SEARCH_PATHS = "$(inherited) @executable_path/Frameworks @loader_path/Frameworks";
				PRODUCT_BUNDLE_IDENTIFIER = com.nunev.LogoQuizUITests;
				PRODUCT_NAME = "$(TARGET_NAME)";
				SWIFT_VERSION = 4.0;
				TARGETED_DEVICE_FAMILY = "1,2";
				TEST_TARGET_NAME = LogoQuiz;
			};
			name = Release;
		};
/* End XCBuildConfiguration section */

/* Begin XCConfigurationList section */
		38921F711F2A17D6003A8F3A /* Build configuration list for PBXProject "LogoQuiz" */ = {
			isa = XCConfigurationList;
			buildConfigurations = (
				38921F9C1F2A17D6003A8F3A /* Debug */,
				38921F9D1F2A17D6003A8F3A /* Release */,
			);
			defaultConfigurationIsVisible = 0;
			defaultConfigurationName = Release;
		};
		38921F9E1F2A17D6003A8F3A /* Build configuration list for PBXNativeTarget "LogoQuiz" */ = {
			isa = XCConfigurationList;
			buildConfigurations = (
				38921F9F1F2A17D6003A8F3A /* Debug */,
				38921FA01F2A17D6003A8F3A /* Release */,
			);
			defaultConfigurationIsVisible = 0;
			defaultConfigurationName = Release;
		};
		38921FA11F2A17D6003A8F3A /* Build configuration list for PBXNativeTarget "LogoQuizTests" */ = {
			isa = XCConfigurationList;
			buildConfigurations = (
				38921FA21F2A17D6003A8F3A /* Debug */,
				38921FA31F2A17D6003A8F3A /* Release */,
			);
			defaultConfigurationIsVisible = 0;
			defaultConfigurationName = Release;
		};
		38921FA41F2A17D6003A8F3A /* Build configuration list for PBXNativeTarget "LogoQuizUITests" */ = {
			isa = XCConfigurationList;
			buildConfigurations = (
				38921FA51F2A17D6003A8F3A /* Debug */,
				38921FA61F2A17D6003A8F3A /* Release */,
			);
			defaultConfigurationIsVisible = 0;
			defaultConfigurationName = Release;
		};
/* End XCConfigurationList section */
	};
	rootObject = 38921F6E1F2A17D6003A8F3A /* Project object */;
}
